{
    "_meta": {
        "hash": {
            "sha256": "0e12a8796203ff0fec90bda2ff350c0122f9e6a4fe6355eb35b0cb688b4733f8"
        },
        "pipfile-spec": 6,
        "requires": {
            "python_version": "3.8"
        },
        "sources": [
            {
                "name": "pypi",
                "url": "https://pypi.org/simple",
                "verify_ssl": true
            }
        ]
    },
    "default": {
        "pydash": {
            "hashes": [
                "sha256:7c02f5c27524abbd90743c4b60fd8c8c8e846ee0439642704f77a3cf21f7c371",
                "sha256:a0dfc36087b491653c7fbff4a04a52e1b58b67d3aa751d15e0dbb96fb7e09833"
            ],
            "index": "pypi",
            "version": "==5.0.2"
        },
        "python-dotenv": {
            "hashes": [
                "sha256:aae25dc1ebe97c420f50b81fb0e5c949659af713f31fdb63c749ca68748f34b1",
                "sha256:f521bc2ac9a8e03c736f62911605c5d83970021e3fa95b37d769e2bbbe9b6172"
            ],
            "index": "pypi",
            "version": "==0.19.0"
        },
        "python-json-logger": {
            "hashes": [
                "sha256:202a4f29901a4b8002a6d1b958407eeb2dd1d83c18b18b816f5b64476dde9096",
                "sha256:99310d148f054e858cd5f4258794ed6777e7ad2c3fd7e1c1b527f1cba4d08420"
            ],
            "index": "pypi",
            "version": "==2.0.2"
        }
    },
    "develop": {}
}
