{
    "_meta": {
        "hash": {
            "sha256": "fb738f65d28cf14feee667ae749cf2169ce1364bf00f60d4388fd31ce32117f8"
        },
        "pipfile-spec": 6,
        "requires": {
            "python_version": "3.8"
        },
        "sources": [
            {
                "name": "pypi",
                "url": "https://pypi.org/simple",
                "verify_ssl": true
            }
        ]
    },
    "default": {
        "python-dotenv": {
            "hashes": [
                "sha256:aae25dc1ebe97c420f50b81fb0e5c949659af713f31fdb63c749ca68748f34b1",
                "sha256:f521bc2ac9a8e03c736f62911605c5d83970021e3fa95b37d769e2bbbe9b6172"
            ],
            "index": "pypi",
            "version": "==0.19.0"
        },
        "python-json-logger": {
            "hashes": [
                "sha256:202a4f29901a4b8002a6d1b958407eeb2dd1d83c18b18b816f5b64476dde9096",
                "sha256:99310d148f054e858cd5f4258794ed6777e7ad2c3fd7e1c1b527f1cba4d08420"
            ],
            "index": "pypi",
            "version": "==2.0.2"
        }
    },
    "develop": {}
}
